
Microsoft Visual Studio Solution File, Format Version 12.00
# Visual Studio Version 16
VisualStudioVersion = 16.0.30517.126
MinimumVisualStudioVersion = 10.0.40219.1
Project("{FAE04EC0-301F-11D3-BF4B-00C04F79EFBC}") = "Domino", "Domino.csproj", "{E9F707ED-D899-4782-8CFB-8DAE24E763D1}"
EndProject
Project("{FAE04EC0-301F-11D3-BF4B-00C04F79EFBC}") = "DominoServer", "..\DominoServer\DominoServer.csproj", "{2748C278-BF1C-441A-9F66-922BF33740FF}"
EndProject
Project("{FAE04EC0-301F-11D3-BF4B-00C04F79EFBC}") = "DominoContracts", "..\DominoContracts\DominoContracts.csproj", "{0281F283-7A7A-48AD-B569-C95D94748153}"
EndProject
Project("{FAE04EC0-301F-11D3-BF4B-00C04F79EFBC}") = "DominoModelo", "..\DominoModelo\DominoModelo.csproj", "{A7790F62-9179-411B-BA1B-4306C5B0A1FF}"
EndProject
Project("{FAE04EC0-301F-11D3-BF4B-00C04F79EFBC}") = "Test", "..\Test\Test.csproj", "{4A9D83ED-2180-4430-8A14-BDE044AA66DF}"
EndProject
Global
	GlobalSection(SolutionConfigurationPlatforms) = preSolution
		Debug|Any CPU = Debug|Any CPU
		Release|Any CPU = Release|Any CPU
	EndGlobalSection
	GlobalSection(ProjectConfigurationPlatforms) = postSolution
		{E9F707ED-D899-4782-8CFB-8DAE24E763D1}.Debug|Any CPU.ActiveCfg = Debug|Any CPU
		{E9F707ED-D899-4782-8CFB-8DAE24E763D1}.Debug|Any CPU.Build.0 = Debug|Any CPU
		{E9F707ED-D899-4782-8CFB-8DAE24E763D1}.Release|Any CPU.ActiveCfg = Release|Any CPU
		{E9F707ED-D899-4782-8CFB-8DAE24E763D1}.Release|Any CPU.Build.0 = Release|Any CPU
		{2748C278-BF1C-441A-9F66-922BF33740FF}.Debug|Any CPU.ActiveCfg = Debug|Any CPU
		{2748C278-BF1C-441A-9F66-922BF33740FF}.Debug|Any CPU.Build.0 = Debug|Any CPU
		{2748C278-BF1C-441A-9F66-922BF33740FF}.Release|Any CPU.ActiveCfg = Release|Any CPU
		{2748C278-BF1C-441A-9F66-922BF33740FF}.Release|Any CPU.Build.0 = Release|Any CPU
		{0281F283-7A7A-48AD-B569-C95D94748153}.Debug|Any CPU.ActiveCfg = Debug|Any CPU
		{0281F283-7A7A-48AD-B569-C95D94748153}.Debug|Any CPU.Build.0 = Debug|Any CPU
		{0281F283-7A7A-48AD-B569-C95D94748153}.Release|Any CPU.ActiveCfg = Release|Any CPU
		{0281F283-7A7A-48AD-B569-C95D94748153}.Release|Any CPU.Build.0 = Release|Any CPU
		{A7790F62-9179-411B-BA1B-4306C5B0A1FF}.Debug|Any CPU.ActiveCfg = Debug|Any CPU
		{A7790F62-9179-411B-BA1B-4306C5B0A1FF}.Debug|Any CPU.Build.0 = Debug|Any CPU
		{A7790F62-9179-411B-BA1B-4306C5B0A1FF}.Release|Any CPU.ActiveCfg = Release|Any CPU
		{A7790F62-9179-411B-BA1B-4306C5B0A1FF}.Release|Any CPU.Build.0 = Release|Any CPU
		{4A9D83ED-2180-4430-8A14-BDE044AA66DF}.Debug|Any CPU.ActiveCfg = Debug|Any CPU
		{4A9D83ED-2180-4430-8A14-BDE044AA66DF}.Debug|Any CPU.Build.0 = Debug|Any CPU
		{4A9D83ED-2180-4430-8A14-BDE044AA66DF}.Release|Any CPU.ActiveCfg = Release|Any CPU
		{4A9D83ED-2180-4430-8A14-BDE044AA66DF}.Release|Any CPU.Build.0 = Release|Any CPU
	EndGlobalSection
	GlobalSection(SolutionProperties) = preSolution
		HideSolutionNode = FALSE
	EndGlobalSection
	GlobalSection(ExtensibilityGlobals) = postSolution
		SolutionGuid = {D6E4B1DE-3728-447A-9446-C7F580BF523F}
	EndGlobalSection
EndGlobal
